// !$*UTF8*$!
{
	archiveVersion = 1;
	classes = {
	};
	objectVersion = 46;
	objects = {

/* Begin PBXBuildFile section */
		58AD2381B055C0FEBEFF607B /* Pods_MagicBox.framework in Frameworks */ = {isa = PBXBuildFile; fileRef = 9A0AABDDBC398EA21DDED08F /* Pods_MagicBox.framework */; };
		BD0BEC971C873407005580EC /* AppDelegate.swift in Sources */ = {isa = PBXBuildFile; fileRef = BD0BEC961C873407005580EC /* AppDelegate.swift */; };
		BD0BEC991C873407005580EC /* ViewController.swift in Sources */ = {isa = PBXBuildFile; fileRef = BD0BEC981C873407005580EC /* ViewController.swift */; };
		BD0BEC9C1C873407005580EC /* Main.storyboard in Resources */ = {isa = PBXBuildFile; fileRef = BD0BEC9A1C873407005580EC /* Main.storyboard */; };
		BD0BEC9E1C873407005580EC /* Assets.xcassets in Resources */ = {isa = PBXBuildFile; fileRef = BD0BEC9D1C873407005580EC /* Assets.xcassets */; };
		BD0BECA11C873407005580EC /* LaunchScreen.storyboard in Resources */ = {isa = PBXBuildFile; fileRef = BD0BEC9F1C873407005580EC /* LaunchScreen.storyboard */; };
		BD0BECAC1C873407005580EC /* MagicBoxTests.swift in Sources */ = {isa = PBXBuildFile; fileRef = BD0BECAB1C873407005580EC /* MagicBoxTests.swift */; };
		BD0BECB71C873407005580EC /* MagicBoxUITests.swift in Sources */ = {isa = PBXBuildFile; fileRef = BD0BECB61C873407005580EC /* MagicBoxUITests.swift */; };
		BD3352421C979C9A00516299 /* KeepShow.storyboard in Resources */ = {isa = PBXBuildFile; fileRef = BD3352411C979C9A00516299 /* KeepShow.storyboard */; };
		BD3352441C979D7B00516299 /* KeepShowViewController.swift in Sources */ = {isa = PBXBuildFile; fileRef = BD3352431C979D7B00516299 /* KeepShowViewController.swift */; };
		BD33524B1C97A38F00516299 /* Video.html in Resources */ = {isa = PBXBuildFile; fileRef = BD33524A1C97A38F00516299 /* Video.html */; };
		BD33524D1C97A7D500516299 /* cities.json in Resources */ = {isa = PBXBuildFile; fileRef = BD33524C1C97A7D500516299 /* cities.json */; };
		BD33524F1C97A97300516299 /* intro_video.mp4 in Resources */ = {isa = PBXBuildFile; fileRef = BD33524E1C97A97300516299 /* intro_video.mp4 */; };
		BD3352511C97C5B100516299 /* Keep.xcassets in Resources */ = {isa = PBXBuildFile; fileRef = BD3352501C97C5B100516299 /* Keep.xcassets */; };
		BD3352531C981D9300516299 /* KeepRegisterStep1ViewController.swift in Sources */ = {isa = PBXBuildFile; fileRef = BD3352521C981D9300516299 /* KeepRegisterStep1ViewController.swift */; };
		BD3352561C981E9100516299 /* UIColor+Keep.swift in Sources */ = {isa = PBXBuildFile; fileRef = BD3352551C981E9100516299 /* UIColor+Keep.swift */; };
		BD33525D1C985AD800516299 /* NSString+JudgeThePhoneNumber.m in Sources */ = {isa = PBXBuildFile; fileRef = BD33525C1C985AD800516299 /* NSString+JudgeThePhoneNumber.m */; };
		BD33525F1C985E5100516299 /* KeepRegisterViewController.swift in Sources */ = {isa = PBXBuildFile; fileRef = BD33525E1C985E5100516299 /* KeepRegisterViewController.swift */; };
		BD5E62F21C94E717009EF30C /* Show.storyboard in Resources */ = {isa = PBXBuildFile; fileRef = BD5E62F11C94E717009EF30C /* Show.storyboard */; };
		BD5E62F41C94E9AE009EF30C /* Yep.xcassets in Resources */ = {isa = PBXBuildFile; fileRef = BD5E62F31C94E9AE009EF30C /* Yep.xcassets */; };
		BD5E62F61C94EF66009EF30C /* ShowViewController.swift in Sources */ = {isa = PBXBuildFile; fileRef = BD5E62F51C94EF66009EF30C /* ShowViewController.swift */; };
		BD5E62F91C94F0C1009EF30C /* Ruler.swift in Sources */ = {isa = PBXBuildFile; fileRef = BD5E62F81C94F0C1009EF30C /* Ruler.swift */; };
		BD5E62FC1C94F257009EF30C /* ShowStepGeniusViewController.swift in Sources */ = {isa = PBXBuildFile; fileRef = BD5E62FB1C94F257009EF30C /* ShowStepGeniusViewController.swift */; };
		BD5E62FE1C94F277009EF30C /* ShowStepMatchViewController.swift in Sources */ = {isa = PBXBuildFile; fileRef = BD5E62FD1C94F277009EF30C /* ShowStepMatchViewController.swift */; };
		BD5E63001C94F284009EF30C /* ShowStepMeetViewController.swift in Sources */ = {isa = PBXBuildFile; fileRef = BD5E62FF1C94F284009EF30C /* ShowStepMeetViewController.swift */; };
		BD5E63021C94F64E009EF30C /* UIColor+Yep.swift in Sources */ = {isa = PBXBuildFile; fileRef = BD5E63011C94F64E009EF30C /* UIColor+Yep.swift */; };
		BD5E63061C94F732009EF30C /* Localizable.strings in Resources */ = {isa = PBXBuildFile; fileRef = BD5E63081C94F732009EF30C /* Localizable.strings */; };
		BD5E630E1C94FD9B009EF30C /* ShowStepViewController.swift in Sources */ = {isa = PBXBuildFile; fileRef = BD5E630D1C94FD9B009EF30C /* ShowStepViewController.swift */; };
		BD5E63131C959815009EF30C /* SpringAnimation.swift in Sources */ = {isa = PBXBuildFile; fileRef = BD5E63121C959815009EF30C /* SpringAnimation.swift */; };
		BDF164871C991B4900489F5F /* KeepRegisterStep2ViewController.swift in Sources */ = {isa = PBXBuildFile; fileRef = BDF164861C991B4900489F5F /* KeepRegisterStep2ViewController.swift */; };
		BDF164891C992A0300489F5F /* Async.swift in Sources */ = {isa = PBXBuildFile; fileRef = BDF164881C992A0300489F5F /* Async.swift */; };
/* End PBXBuildFile section */

/* Begin PBXContainerItemProxy section */
		BD0BECA81C873407005580EC /* PBXContainerItemProxy */ = {
			isa = PBXContainerItemProxy;
			containerPortal = BD0BEC8B1C873407005580EC /* Project object */;
			proxyType = 1;
			remoteGlobalIDString = BD0BEC921C873407005580EC;
			remoteInfo = MagicBox;
		};
		BD0BECB31C873407005580EC /* PBXContainerItemProxy */ = {
			isa = PBXContainerItemProxy;
			containerPortal = BD0BEC8B1C873407005580EC /* Project object */;
			proxyType = 1;
			remoteGlobalIDString = BD0BEC921C873407005580EC;
			remoteInfo = MagicBox;
		};
/* End PBXContainerItemProxy section */

/* Begin PBXFileReference section */
		093AE41EB654B960C98AE0A7 /* Pods-MagicBox.release.xcconfig */ = {isa = PBXFileReference; includeInIndex = 1; lastKnownFileType = text.xcconfig; name = "Pods-MagicBox.release.xcconfig"; path = "Pods/Target Support Files/Pods-MagicBox/Pods-MagicBox.release.xcconfig"; sourceTree = "<group>"; };
		874737165BD38B5156E9DE28 /* Pods-MagicBox.debug.xcconfig */ = {isa = PBXFileReference; includeInIndex = 1; lastKnownFileType = text.xcconfig; name = "Pods-MagicBox.debug.xcconfig"; path = "Pods/Target Support Files/Pods-MagicBox/Pods-MagicBox.debug.xcconfig"; sourceTree = "<group>"; };
		9A0AABDDBC398EA21DDED08F /* Pods_MagicBox.framework */ = {isa = PBXFileReference; explicitFileType = wrapper.framework; includeInIndex = 0; path = Pods_MagicBox.framework; sourceTree = BUILT_PRODUCTS_DIR; };
		BD0BEC931C873407005580EC /* MagicBox.app */ = {isa = PBXFileReference; explicitFileType = wrapper.application; includeInIndex = 0; path = MagicBox.app; sourceTree = BUILT_PRODUCTS_DIR; };
		BD0BEC961C873407005580EC /* AppDelegate.swift */ = {isa = PBXFileReference; lastKnownFileType = sourcecode.swift; path = AppDelegate.swift; sourceTree = "<group>"; };
		BD0BEC981C873407005580EC /* ViewController.swift */ = {isa = PBXFileReference; lastKnownFileType = sourcecode.swift; path = ViewController.swift; sourceTree = "<group>"; };
		BD0BEC9B1C873407005580EC /* Base */ = {isa = PBXFileReference; lastKnownFileType = file.storyboard; name = Base; path = Base.lproj/Main.storyboard; sourceTree = "<group>"; };
		BD0BEC9D1C873407005580EC /* Assets.xcassets */ = {isa = PBXFileReference; lastKnownFileType = folder.assetcatalog; path = Assets.xcassets; sourceTree = "<group>"; };
		BD0BECA01C873407005580EC /* Base */ = {isa = PBXFileReference; lastKnownFileType = file.storyboard; name = Base; path = Base.lproj/LaunchScreen.storyboard; sourceTree = "<group>"; };
		BD0BECA21C873407005580EC /* Info.plist */ = {isa = PBXFileReference; lastKnownFileType = text.plist.xml; path = Info.plist; sourceTree = "<group>"; };
		BD0BECA71C873407005580EC /* MagicBoxTests.xctest */ = {isa = PBXFileReference; explicitFileType = wrapper.cfbundle; includeInIndex = 0; path = MagicBoxTests.xctest; sourceTree = BUILT_PRODUCTS_DIR; };
		BD0BECAB1C873407005580EC /* MagicBoxTests.swift */ = {isa = PBXFileReference; lastKnownFileType = sourcecode.swift; path = MagicBoxTests.swift; sourceTree = "<group>"; };
		BD0BECAD1C873407005580EC /* Info.plist */ = {isa = PBXFileReference; lastKnownFileType = text.plist.xml; path = Info.plist; sourceTree = "<group>"; };
		BD0BECB21C873407005580EC /* MagicBoxUITests.xctest */ = {isa = PBXFileReference; explicitFileType = wrapper.cfbundle; includeInIndex = 0; path = MagicBoxUITests.xctest; sourceTree = BUILT_PRODUCTS_DIR; };
		BD0BECB61C873407005580EC /* MagicBoxUITests.swift */ = {isa = PBXFileReference; lastKnownFileType = sourcecode.swift; path = MagicBoxUITests.swift; sourceTree = "<group>"; };
		BD0BECB81C873407005580EC /* Info.plist */ = {isa = PBXFileReference; lastKnownFileType = text.plist.xml; path = Info.plist; sourceTree = "<group>"; };
		BD3352411C979C9A00516299 /* KeepShow.storyboard */ = {isa = PBXFileReference; fileEncoding = 4; lastKnownFileType = file.storyboard; path = KeepShow.storyboard; sourceTree = "<group>"; };
		BD3352431C979D7B00516299 /* KeepShowViewController.swift */ = {isa = PBXFileReference; fileEncoding = 4; lastKnownFileType = sourcecode.swift; path = KeepShowViewController.swift; sourceTree = "<group>"; };
		BD33524A1C97A38F00516299 /* Video.html */ = {isa = PBXFileReference; fileEncoding = 4; lastKnownFileType = text.html; path = Video.html; sourceTree = "<group>"; };
		BD33524C1C97A7D500516299 /* cities.json */ = {isa = PBXFileReference; fileEncoding = 4; lastKnownFileType = text.json; path = cities.json; sourceTree = "<group>"; };
		BD33524E1C97A97300516299 /* intro_video.mp4 */ = {isa = PBXFileReference; lastKnownFileType = file; path = intro_video.mp4; sourceTree = "<group>"; };
		BD3352501C97C5B100516299 /* Keep.xcassets */ = {isa = PBXFileReference; lastKnownFileType = folder.assetcatalog; path = Keep.xcassets; sourceTree = "<group>"; };
		BD3352521C981D9300516299 /* KeepRegisterStep1ViewController.swift */ = {isa = PBXFileReference; fileEncoding = 4; lastKnownFileType = sourcecode.swift; path = KeepRegisterStep1ViewController.swift; sourceTree = "<group>"; };
		BD3352551C981E9100516299 /* UIColor+Keep.swift */ = {isa = PBXFileReference; fileEncoding = 4; lastKnownFileType = sourcecode.swift; path = "UIColor+Keep.swift"; sourceTree = "<group>"; };
		BD3352571C985A6E00516299 /* MagicBox-Bridging-Header.h */ = {isa = PBXFileReference; lastKnownFileType = sourcecode.c.h; path = "MagicBox-Bridging-Header.h"; sourceTree = "<group>"; };
		BD33525B1C985AD800516299 /* NSString+JudgeThePhoneNumber.h */ = {isa = PBXFileReference; fileEncoding = 4; lastKnownFileType = sourcecode.c.h; path = "NSString+JudgeThePhoneNumber.h"; sourceTree = "<group>"; };
		BD33525C1C985AD800516299 /* NSString+JudgeThePhoneNumber.m */ = {isa = PBXFileReference; fileEncoding = 4; lastKnownFileType = sourcecode.c.objc; path = "NSString+JudgeThePhoneNumber.m"; sourceTree = "<group>"; };
		BD33525E1C985E5100516299 /* KeepRegisterViewController.swift */ = {isa = PBXFileReference; fileEncoding = 4; lastKnownFileType = sourcecode.swift; path = KeepRegisterViewController.swift; sourceTree = "<group>"; };
		BD5E62F11C94E717009EF30C /* Show.storyboard */ = {isa = PBXFileReference; fileEncoding = 4; lastKnownFileType = file.storyboard; path = Show.storyboard; sourceTree = "<group>"; };
		BD5E62F31C94E9AE009EF30C /* Yep.xcassets */ = {isa = PBXFileReference; lastKnownFileType = folder.assetcatalog; path = Yep.xcassets; sourceTree = "<group>"; };
		BD5E62F51C94EF66009EF30C /* ShowViewController.swift */ = {isa = PBXFileReference; fileEncoding = 4; lastKnownFileType = sourcecode.swift; path = ShowViewController.swift; sourceTree = "<group>"; };
		BD5E62F81C94F0C1009EF30C /* Ruler.swift */ = {isa = PBXFileReference; fileEncoding = 4; lastKnownFileType = sourcecode.swift; path = Ruler.swift; sourceTree = "<group>"; };
		BD5E62FB1C94F257009EF30C /* ShowStepGeniusViewController.swift */ = {isa = PBXFileReference; fileEncoding = 4; lastKnownFileType = sourcecode.swift; path = ShowStepGeniusViewController.swift; sourceTree = "<group>"; };
		BD5E62FD1C94F277009EF30C /* ShowStepMatchViewController.swift */ = {isa = PBXFileReference; fileEncoding = 4; lastKnownFileType = sourcecode.swift; path = ShowStepMatchViewController.swift; sourceTree = "<group>"; };
		BD5E62FF1C94F284009EF30C /* ShowStepMeetViewController.swift */ = {isa = PBXFileReference; fileEncoding = 4; lastKnownFileType = sourcecode.swift; path = ShowStepMeetViewController.swift; sourceTree = "<group>"; };
		BD5E63011C94F64E009EF30C /* UIColor+Yep.swift */ = {isa = PBXFileReference; fileEncoding = 4; lastKnownFileType = sourcecode.swift; path = "UIColor+Yep.swift"; sourceTree = "<group>"; };
		BD5E63071C94F732009EF30C /* en */ = {isa = PBXFileReference; lastKnownFileType = text.plist.strings; name = en; path = en.lproj/Localizable.strings; sourceTree = "<group>"; };
		BD5E63091C94F737009EF30C /* Base */ = {isa = PBXFileReference; lastKnownFileType = text.plist.strings; name = Base; path = Base.lproj/Localizable.strings; sourceTree = "<group>"; };
		BD5E630A1C94F74E009EF30C /* zh-Hans */ = {isa = PBXFileReference; lastKnownFileType = text.plist.strings; name = "zh-Hans"; path = "zh-Hans.lproj/Main.strings"; sourceTree = "<group>"; };
		BD5E630B1C94F74E009EF30C /* zh-Hans */ = {isa = PBXFileReference; lastKnownFileType = text.plist.strings; name = "zh-Hans"; path = "zh-Hans.lproj/LaunchScreen.strings"; sourceTree = "<group>"; };
		BD5E630C1C94F74E009EF30C /* zh-Hans */ = {isa = PBXFileReference; lastKnownFileType = text.plist.strings; name = "zh-Hans"; path = "zh-Hans.lproj/Localizable.strings"; sourceTree = "<group>"; };
		BD5E630D1C94FD9B009EF30C /* ShowStepViewController.swift */ = {isa = PBXFileReference; fileEncoding = 4; lastKnownFileType = sourcecode.swift; path = ShowStepViewController.swift; sourceTree = "<group>"; };
		BD5E630F1C958B6C009EF30C /* MyPlayground.playground */ = {isa = PBXFileReference; lastKnownFileType = file.playground; path = MyPlayground.playground; sourceTree = "<group>"; };
		BD5E63121C959815009EF30C /* SpringAnimation.swift */ = {isa = PBXFileReference; fileEncoding = 4; lastKnownFileType = sourcecode.swift; path = SpringAnimation.swift; sourceTree = "<group>"; };
		BDF164861C991B4900489F5F /* KeepRegisterStep2ViewController.swift */ = {isa = PBXFileReference; fileEncoding = 4; lastKnownFileType = sourcecode.swift; path = KeepRegisterStep2ViewController.swift; sourceTree = "<group>"; };
		BDF164881C992A0300489F5F /* Async.swift */ = {isa = PBXFileReference; fileEncoding = 4; lastKnownFileType = sourcecode.swift; path = Async.swift; sourceTree = "<group>"; };
/* End PBXFileReference section */

/* Begin PBXFrameworksBuildPhase section */
		BD0BEC901C873407005580EC /* Frameworks */ = {
			isa = PBXFrameworksBuildPhase;
			buildActionMask = 2147483647;
			files = (
				58AD2381B055C0FEBEFF607B /* Pods_MagicBox.framework in Frameworks */,
			);
			runOnlyForDeploymentPostprocessing = 0;
		};
		BD0BECA41C873407005580EC /* Frameworks */ = {
			isa = PBXFrameworksBuildPhase;
			buildActionMask = 2147483647;
			files = (
			);
			runOnlyForDeploymentPostprocessing = 0;
		};
		BD0BECAF1C873407005580EC /* Frameworks */ = {
			isa = PBXFrameworksBuildPhase;
			buildActionMask = 2147483647;
			files = (
			);
			runOnlyForDeploymentPostprocessing = 0;
		};
/* End PBXFrameworksBuildPhase section */

/* Begin PBXGroup section */
		A2BFEF7199FD3BD3CC14FE1B /* Frameworks */ = {
			isa = PBXGroup;
			children = (
				9A0AABDDBC398EA21DDED08F /* Pods_MagicBox.framework */,
			);
			name = Frameworks;
			sourceTree = "<group>";
		};
		BD0BEC8A1C873407005580EC = {
			isa = PBXGroup;
			children = (
				BD0BEC951C873407005580EC /* MagicBox */,
				BD0BECAA1C873407005580EC /* MagicBoxTests */,
				BD0BECB51C873407005580EC /* MagicBoxUITests */,
				BD0BEC941C873407005580EC /* Products */,
				CF156A63AC2884BC0A0EFB55 /* Pods */,
				A2BFEF7199FD3BD3CC14FE1B /* Frameworks */,
			);
			sourceTree = "<group>";
		};
		BD0BEC941C873407005580EC /* Products */ = {
			isa = PBXGroup;
			children = (
				BD0BEC931C873407005580EC /* MagicBox.app */,
				BD0BECA71C873407005580EC /* MagicBoxTests.xctest */,
				BD0BECB21C873407005580EC /* MagicBoxUITests.xctest */,
			);
			name = Products;
			sourceTree = "<group>";
		};
		BD0BEC951C873407005580EC /* MagicBox */ = {
			isa = PBXGroup;
			children = (
				BD0BEC961C873407005580EC /* AppDelegate.swift */,
				BD0BEC981C873407005580EC /* ViewController.swift */,
				BD0BEC9A1C873407005580EC /* Main.storyboard */,
				BD5E62F11C94E717009EF30C /* Show.storyboard */,
				BD3352411C979C9A00516299 /* KeepShow.storyboard */,
				BD5E630F1C958B6C009EF30C /* MyPlayground.playground */,
				BD5E63031C94F659009EF30C /* Extensions */,
				BD5D22AA1C9637FF00EE398F /* Controllers */,
				BD0BEC9D1C873407005580EC /* Assets.xcassets */,
				BD5E62F31C94E9AE009EF30C /* Yep.xcassets */,
				BD3352501C97C5B100516299 /* Keep.xcassets */,
				BD0BEC9F1C873407005580EC /* LaunchScreen.storyboard */,
				BD0BECA21C873407005580EC /* Info.plist */,
				BD5E63081C94F732009EF30C /* Localizable.strings */,
				BD3352471C979DDC00516299 /* Support */,
				BD5E62FA1C94F0C7009EF30C /* Helper */,
			);
			path = MagicBox;
			sourceTree = "<group>";
		};
		BD0BECAA1C873407005580EC /* MagicBoxTests */ = {
			isa = PBXGroup;
			children = (
				BD0BECAB1C873407005580EC /* MagicBoxTests.swift */,
				BD0BECAD1C873407005580EC /* Info.plist */,
			);
			path = MagicBoxTests;
			sourceTree = "<group>";
		};
		BD0BECB51C873407005580EC /* MagicBoxUITests */ = {
			isa = PBXGroup;
			children = (
				BD0BECB61C873407005580EC /* MagicBoxUITests.swift */,
				BD0BECB81C873407005580EC /* Info.plist */,
			);
			path = MagicBoxUITests;
			sourceTree = "<group>";
		};
		BD3352451C979D7F00516299 /* KeepShow */ = {
			isa = PBXGroup;
			children = (
				BD3352431C979D7B00516299 /* KeepShowViewController.swift */,
			);
			name = KeepShow;
			sourceTree = "<group>";
		};
		BD3352471C979DDC00516299 /* Support */ = {
			isa = PBXGroup;
			children = (
				BD33524E1C97A97300516299 /* intro_video.mp4 */,
				BD33524A1C97A38F00516299 /* Video.html */,
				BD33524C1C97A7D500516299 /* cities.json */,
			);
			name = Support;
			sourceTree = "<group>";
		};
		BD3352541C981D9B00516299 /* KeepRegister */ = {
			isa = PBXGroup;
			children = (
				BD33525E1C985E5100516299 /* KeepRegisterViewController.swift */,
				BD3352521C981D9300516299 /* KeepRegisterStep1ViewController.swift */,
				BDF164861C991B4900489F5F /* KeepRegisterStep2ViewController.swift */,
			);
			name = KeepRegister;
			sourceTree = "<group>";
		};
		BD5D22AA1C9637FF00EE398F /* Controllers */ = {
			isa = PBXGroup;
			children = (
				BD3352541C981D9B00516299 /* KeepRegister */,
				BD5E62F71C94EF6A009EF30C /* Show */,
				BD3352451C979D7F00516299 /* KeepShow */,
			);
			name = Controllers;
			sourceTree = "<group>";
		};
		BD5E62F71C94EF6A009EF30C /* Show */ = {
			isa = PBXGroup;
			children = (
				BD5E62F51C94EF66009EF30C /* ShowViewController.swift */,
				BD5E630D1C94FD9B009EF30C /* ShowStepViewController.swift */,
				BD5E62FB1C94F257009EF30C /* ShowStepGeniusViewController.swift */,
				BD5E62FD1C94F277009EF30C /* ShowStepMatchViewController.swift */,
				BD5E62FF1C94F284009EF30C /* ShowStepMeetViewController.swift */,
			);
			name = Show;
			sourceTree = "<group>";
		};
		BD5E62FA1C94F0C7009EF30C /* Helper */ = {
			isa = PBXGroup;
			children = (
				BDF164881C992A0300489F5F /* Async.swift */,
				BD5E62F81C94F0C1009EF30C /* Ruler.swift */,
				BD5E63121C959815009EF30C /* SpringAnimation.swift */,
				BD33525B1C985AD800516299 /* NSString+JudgeThePhoneNumber.h */,
				BD33525C1C985AD800516299 /* NSString+JudgeThePhoneNumber.m */,
				BD3352571C985A6E00516299 /* MagicBox-Bridging-Header.h */,
			);
			name = Helper;
			sourceTree = "<group>";
		};
		BD5E63031C94F659009EF30C /* Extensions */ = {
			isa = PBXGroup;
			children = (
				BD5E63011C94F64E009EF30C /* UIColor+Yep.swift */,
				BD3352551C981E9100516299 /* UIColor+Keep.swift */,
			);
			name = Extensions;
			sourceTree = "<group>";
		};
		CF156A63AC2884BC0A0EFB55 /* Pods */ = {
			isa = PBXGroup;
			children = (
				874737165BD38B5156E9DE28 /* Pods-MagicBox.debug.xcconfig */,
				093AE41EB654B960C98AE0A7 /* Pods-MagicBox.release.xcconfig */,
			);
			name = Pods;
			sourceTree = "<group>";
		};
/* End PBXGroup section */

/* Begin PBXNativeTarget section */
		BD0BEC921C873407005580EC /* MagicBox */ = {
			isa = PBXNativeTarget;
			buildConfigurationList = BD0BECBB1C873407005580EC /* Build configuration list for PBXNativeTarget "MagicBox" */;
			buildPhases = (
				C1A34DA383FE7D306DB8EFCD /* Check Pods Manifest.lock */,
				BD0BEC8F1C873407005580EC /* Sources */,
				BD0BEC901C873407005580EC /* Frameworks */,
				BD0BEC911C873407005580EC /* Resources */,
				63B1E84ECD5F133BC6626AD0 /* Embed Pods Frameworks */,
				3BF13CE8E69CCFAA8CB0C50F /* Copy Pods Resources */,
			);
			buildRules = (
			);
			dependencies = (
			);
			name = MagicBox;
			productName = MagicBox;
			productReference = BD0BEC931C873407005580EC /* MagicBox.app */;
			productType = "com.apple.product-type.application";
		};
		BD0BECA61C873407005580EC /* MagicBoxTests */ = {
			isa = PBXNativeTarget;
			buildConfigurationList = BD0BECBE1C873407005580EC /* Build configuration list for PBXNativeTarget "MagicBoxTests" */;
			buildPhases = (
				BD0BECA31C873407005580EC /* Sources */,
				BD0BECA41C873407005580EC /* Frameworks */,
				BD0BECA51C873407005580EC /* Resources */,
			);
			buildRules = (
			);
			dependencies = (
				BD0BECA91C873407005580EC /* PBXTargetDependency */,
			);
			name = MagicBoxTests;
			productName = MagicBoxTests;
			productReference = BD0BECA71C873407005580EC /* MagicBoxTests.xctest */;
			productType = "com.apple.product-type.bundle.unit-test";
		};
		BD0BECB11C873407005580EC /* MagicBoxUITests */ = {
			isa = PBXNativeTarget;
			buildConfigurationList = BD0BECC11C873407005580EC /* Build configuration list for PBXNativeTarget "MagicBoxUITests" */;
			buildPhases = (
				BD0BECAE1C873407005580EC /* Sources */,
				BD0BECAF1C873407005580EC /* Frameworks */,
				BD0BECB01C873407005580EC /* Resources */,
			);
			buildRules = (
			);
			dependencies = (
				BD0BECB41C873407005580EC /* PBXTargetDependency */,
			);
			name = MagicBoxUITests;
			productName = MagicBoxUITests;
			productReference = BD0BECB21C873407005580EC /* MagicBoxUITests.xctest */;
			productType = "com.apple.product-type.bundle.ui-testing";
		};
/* End PBXNativeTarget section */

/* Begin PBXProject section */
		BD0BEC8B1C873407005580EC /* Project object */ = {
			isa = PBXProject;
			attributes = {
				LastSwiftUpdateCheck = 0720;
				LastUpgradeCheck = 0720;
				ORGANIZATIONNAME = DiegoSan;
				TargetAttributes = {
					BD0BEC921C873407005580EC = {
						CreatedOnToolsVersion = 7.2.1;
						DevelopmentTeam = C3WGS7NFAA;
					};
					BD0BECA61C873407005580EC = {
						CreatedOnToolsVersion = 7.2.1;
						TestTargetID = BD0BEC921C873407005580EC;
					};
					BD0BECB11C873407005580EC = {
						CreatedOnToolsVersion = 7.2.1;
						TestTargetID = BD0BEC921C873407005580EC;
					};
				};
			};
			buildConfigurationList = BD0BEC8E1C873407005580EC /* Build configuration list for PBXProject "MagicBox" */;
			compatibilityVersion = "Xcode 3.2";
			developmentRegion = English;
			hasScannedForEncodings = 0;
			knownRegions = (
				en,
				Base,
				"zh-Hans",
			);
			mainGroup = BD0BEC8A1C873407005580EC;
			productRefGroup = BD0BEC941C873407005580EC /* Products */;
			projectDirPath = "";
			projectRoot = "";
			targets = (
				BD0BEC921C873407005580EC /* MagicBox */,
				BD0BECA61C873407005580EC /* MagicBoxTests */,
				BD0BECB11C873407005580EC /* MagicBoxUITests */,
			);
		};
/* End PBXProject section */

/* Begin PBXResourcesBuildPhase section */
		BD0BEC911C873407005580EC /* Resources */ = {
			isa = PBXResourcesBuildPhase;
			buildActionMask = 2147483647;
			files = (
				BD0BECA11C873407005580EC /* LaunchScreen.storyboard in Resources */,
				BD3352421C979C9A00516299 /* KeepShow.storyboard in Resources */,
				BD5E63061C94F732009EF30C /* Localizable.strings in Resources */,
				BD0BEC9E1C873407005580EC /* Assets.xcassets in Resources */,
				BD33524B1C97A38F00516299 /* Video.html in Resources */,
				BD0BEC9C1C873407005580EC /* Main.storyboard in Resources */,
				BD33524F1C97A97300516299 /* intro_video.mp4 in Resources */,
				BD3352511C97C5B100516299 /* Keep.xcassets in Resources */,
				BD33524D1C97A7D500516299 /* cities.json in Resources */,
				BD5E62F41C94E9AE009EF30C /* Yep.xcassets in Resources */,
				BD5E62F21C94E717009EF30C /* Show.storyboard in Resources */,
			);
			runOnlyForDeploymentPostprocessing = 0;
		};
		BD0BECA51C873407005580EC /* Resources */ = {
			isa = PBXResourcesBuildPhase;
			buildActionMask = 2147483647;
			files = (
			);
			runOnlyForDeploymentPostprocessing = 0;
		};
		BD0BECB01C873407005580EC /* Resources */ = {
			isa = PBXResourcesBuildPhase;
			buildActionMask = 2147483647;
			files = (
			);
			runOnlyForDeploymentPostprocessing = 0;
		};
/* End PBXResourcesBuildPhase section */

/* Begin PBXShellScriptBuildPhase section */
		3BF13CE8E69CCFAA8CB0C50F /* Copy Pods Resources */ = {
			isa = PBXShellScriptBuildPhase;
			buildActionMask = 2147483647;
			files = (
			);
			inputPaths = (
			);
			name = "Copy Pods Resources";
			outputPaths = (
			);
			runOnlyForDeploymentPostprocessing = 0;
			shellPath = /bin/sh;
			shellScript = "\"${SRCROOT}/Pods/Target Support Files/Pods-MagicBox/Pods-MagicBox-resources.sh\"\n";
			showEnvVarsInLog = 0;
		};
		63B1E84ECD5F133BC6626AD0 /* Embed Pods Frameworks */ = {
			isa = PBXShellScriptBuildPhase;
			buildActionMask = 2147483647;
			files = (
			);
			inputPaths = (
			);
			name = "Embed Pods Frameworks";
			outputPaths = (
			);
			runOnlyForDeploymentPostprocessing = 0;
			shellPath = /bin/sh;
			shellScript = "\"${SRCROOT}/Pods/Target Support Files/Pods-MagicBox/Pods-MagicBox-frameworks.sh\"\n";
			showEnvVarsInLog = 0;
		};
		C1A34DA383FE7D306DB8EFCD /* Check Pods Manifest.lock */ = {
			isa = PBXShellScriptBuildPhase;
			buildActionMask = 2147483647;
			files = (
			);
			inputPaths = (
			);
			name = "Check Pods Manifest.lock";
			outputPaths = (
			);
			runOnlyForDeploymentPostprocessing = 0;
			shellPath = /bin/sh;
			shellScript = "diff \"${PODS_ROOT}/../Podfile.lock\" \"${PODS_ROOT}/Manifest.lock\" > /dev/null\nif [[ $? != 0 ]] ; then\n    cat << EOM\nerror: The sandbox is not in sync with the Podfile.lock. Run 'pod install' or update your CocoaPods installation.\nEOM\n    exit 1\nfi\n";
			showEnvVarsInLog = 0;
		};
/* End PBXShellScriptBuildPhase section */

/* Begin PBXSourcesBuildPhase section */
		BD0BEC8F1C873407005580EC /* Sources */ = {
			isa = PBXSourcesBuildPhase;
			buildActionMask = 2147483647;
			files = (
				BD3352531C981D9300516299 /* KeepRegisterStep1ViewController.swift in Sources */,
				BD33525D1C985AD800516299 /* NSString+JudgeThePhoneNumber.m in Sources */,
				BD5E62F91C94F0C1009EF30C /* Ruler.swift in Sources */,
				BDF164891C992A0300489F5F /* Async.swift in Sources */,
				BD5E62FE1C94F277009EF30C /* ShowStepMatchViewController.swift in Sources */,
				BD5E63021C94F64E009EF30C /* UIColor+Yep.swift in Sources */,
				BD3352441C979D7B00516299 /* KeepShowViewController.swift in Sources */,
				BD33525F1C985E5100516299 /* KeepRegisterViewController.swift in Sources */,
				BDF164871C991B4900489F5F /* KeepRegisterStep2ViewController.swift in Sources */,
				BD0BEC991C873407005580EC /* ViewController.swift in Sources */,
				BD0BEC971C873407005580EC /* AppDelegate.swift in Sources */,
				BD5E62F61C94EF66009EF30C /* ShowViewController.swift in Sources */,
				BD5E62FC1C94F257009EF30C /* ShowStepGeniusViewController.swift in Sources */,
				BD3352561C981E9100516299 /* UIColor+Keep.swift in Sources */,
				BD5E63131C959815009EF30C /* SpringAnimation.swift in Sources */,
				BD5E630E1C94FD9B009EF30C /* ShowStepViewController.swift in Sources */,
				BD5E63001C94F284009EF30C /* ShowStepMeetViewController.swift in Sources */,
			);
			runOnlyForDeploymentPostprocessing = 0;
		};
		BD0BECA31C873407005580EC /* Sources */ = {
			isa = PBXSourcesBuildPhase;
			buildActionMask = 2147483647;
			files = (
				BD0BECAC1C873407005580EC /* MagicBoxTests.swift in Sources */,
			);
			runOnlyForDeploymentPostprocessing = 0;
		};
		BD0BECAE1C873407005580EC /* Sources */ = {
			isa = PBXSourcesBuildPhase;
			buildActionMask = 2147483647;
			files = (
				BD0BECB71C873407005580EC /* MagicBoxUITests.swift in Sources */,
			);
			runOnlyForDeploymentPostprocessing = 0;
		};
/* End PBXSourcesBuildPhase section */

/* Begin PBXTargetDependency section */
		BD0BECA91C873407005580EC /* PBXTargetDependency */ = {
			isa = PBXTargetDependency;
			target = BD0BEC921C873407005580EC /* MagicBox */;
			targetProxy = BD0BECA81C873407005580EC /* PBXContainerItemProxy */;
		};
		BD0BECB41C873407005580EC /* PBXTargetDependency */ = {
			isa = PBXTargetDependency;
			target = BD0BEC921C873407005580EC /* MagicBox */;
			targetProxy = BD0BECB31C873407005580EC /* PBXContainerItemProxy */;
		};
/* End PBXTargetDependency section */

/* Begin PBXVariantGroup section */
		BD0BEC9A1C873407005580EC /* Main.storyboard */ = {
			isa = PBXVariantGroup;
			children = (
				BD0BEC9B1C873407005580EC /* Base */,
				BD5E630A1C94F74E009EF30C /* zh-Hans */,
			);
			name = Main.storyboard;
			sourceTree = "<group>";
		};
		BD0BEC9F1C873407005580EC /* LaunchScreen.storyboard */ = {
			isa = PBXVariantGroup;
			children = (
				BD0BECA01C873407005580EC /* Base */,
				BD5E630B1C94F74E009EF30C /* zh-Hans */,
			);
			name = LaunchScreen.storyboard;
			sourceTree = "<group>";
		};
		BD5E63081C94F732009EF30C /* Localizable.strings */ = {
			isa = PBXVariantGroup;
			children = (
				BD5E63071C94F732009EF30C /* en */,
				BD5E63091C94F737009EF30C /* Base */,
				BD5E630C1C94F74E009EF30C /* zh-Hans */,
			);
			name = Localizable.strings;
			sourceTree = "<group>";
		};
/* End PBXVariantGroup section */

/* Begin XCBuildConfiguration section */
		BD0BECB91C873407005580EC /* Debug */ = {
			isa = XCBuildConfiguration;
			buildSettings = {
				ALWAYS_SEARCH_USER_PATHS = NO;
				CLANG_CXX_LANGUAGE_STANDARD = "gnu++0x";
				CLANG_CXX_LIBRARY = "libc++";
				CLANG_ENABLE_MODULES = YES;
				CLANG_ENABLE_OBJC_ARC = YES;
				CLANG_WARN_BOOL_CONVERSION = YES;
				CLANG_WARN_CONSTANT_CONVERSION = YES;
				CLANG_WARN_DIRECT_OBJC_ISA_USAGE = YES_ERROR;
				CLANG_WARN_EMPTY_BODY = YES;
				CLANG_WARN_ENUM_CONVERSION = YES;
				CLANG_WARN_INT_CONVERSION = YES;
				CLANG_WARN_OBJC_ROOT_CLASS = YES_ERROR;
				CLANG_WARN_UNREACHABLE_CODE = YES;
				CLANG_WARN__DUPLICATE_METHOD_MATCH = YES;
				"CODE_SIGN_IDENTITY[sdk=iphoneos*]" = "iPhone Developer";
				COPY_PHASE_STRIP = NO;
				DEBUG_INFORMATION_FORMAT = dwarf;
				ENABLE_STRICT_OBJC_MSGSEND = YES;
				ENABLE_TESTABILITY = YES;
				GCC_C_LANGUAGE_STANDARD = gnu99;
				GCC_DYNAMIC_NO_PIC = NO;
				GCC_NO_COMMON_BLOCKS = YES;
				GCC_OPTIMIZATION_LEVEL = 0;
				GCC_PREPROCESSOR_DEFINITIONS = (
					"DEBUG=1",
					"$(inherited)",
				);
				GCC_WARN_64_TO_32_BIT_CONVERSION = YES;
				GCC_WARN_ABOUT_RETURN_TYPE = YES_ERROR;
				GCC_WARN_UNDECLARED_SELECTOR = YES;
				GCC_WARN_UNINITIALIZED_AUTOS = YES_AGGRESSIVE;
				GCC_WARN_UNUSED_FUNCTION = YES;
				GCC_WARN_UNUSED_VARIABLE = YES;
				IPHONEOS_DEPLOYMENT_TARGET = 9.2;
				MTL_ENABLE_DEBUG_INFO = YES;
				ONLY_ACTIVE_ARCH = YES;
				SDKROOT = iphoneos;
				SWIFT_OPTIMIZATION_LEVEL = "-Onone";
				TARGETED_DEVICE_FAMILY = "1,2";
			};
			name = Debug;
		};
		BD0BECBA1C873407005580EC /* Release */ = {
			isa = XCBuildConfiguration;
			buildSettings = {
				ALWAYS_SEARCH_USER_PATHS = NO;
				CLANG_CXX_LANGUAGE_STANDARD = "gnu++0x";
				CLANG_CXX_LIBRARY = "libc++";
				CLANG_ENABLE_MODULES = YES;
				CLANG_ENABLE_OBJC_ARC = YES;
				CLANG_WARN_BOOL_CONVERSION = YES;
				CLANG_WARN_CONSTANT_CONVERSION = YES;
				CLANG_WARN_DIRECT_OBJC_ISA_USAGE = YES_ERROR;
				CLANG_WARN_EMPTY_BODY = YES;
				CLANG_WARN_ENUM_CONVERSION = YES;
				CLANG_WARN_INT_CONVERSION = YES;
				CLANG_WARN_OBJC_ROOT_CLASS = YES_ERROR;
				CLANG_WARN_UNREACHABLE_CODE = YES;
				CLANG_WARN__DUPLICATE_METHOD_MATCH = YES;
				"CODE_SIGN_IDENTITY[sdk=iphoneos*]" = "iPhone Developer";
				COPY_PHASE_STRIP = NO;
				DEBUG_INFORMATION_FORMAT = "dwarf-with-dsym";
				ENABLE_NS_ASSERTIONS = NO;
				ENABLE_STRICT_OBJC_MSGSEND = YES;
				GCC_C_LANGUAGE_STANDARD = gnu99;
				GCC_NO_COMMON_BLOCKS = YES;
				GCC_WARN_64_TO_32_BIT_CONVERSION = YES;
				GCC_WARN_ABOUT_RETURN_TYPE = YES_ERROR;
				GCC_WARN_UNDECLARED_SELECTOR = YES;
				GCC_WARN_UNINITIALIZED_AUTOS = YES_AGGRESSIVE;
				GCC_WARN_UNUSED_FUNCTION = YES;
				GCC_WARN_UNUSED_VARIABLE = YES;
				IPHONEOS_DEPLOYMENT_TARGET = 9.2;
				MTL_ENABLE_DEBUG_INFO = NO;
				SDKROOT = iphoneos;
				TARGETED_DEVICE_FAMILY = "1,2";
				VALIDATE_PRODUCT = YES;
			};
			name = Release;
		};
		BD0BECBC1C873407005580EC /* Debug */ = {
			isa = XCBuildConfiguration;
			baseConfigurationReference = 874737165BD38B5156E9DE28 /* Pods-MagicBox.debug.xcconfig */;
			buildSettings = {
				ASSETCATALOG_COMPILER_APPICON_NAME = AppIcon;
				CLANG_ENABLE_MODULES = YES;
				CODE_SIGN_IDENTITY = "iPhone Developer";
				"CODE_SIGN_IDENTITY[sdk=iphoneos*]" = "iPhone Developer";
				INFOPLIST_FILE = MagicBox/Info.plist;
				IPHONEOS_DEPLOYMENT_TARGET = 9.0;
				LD_RUNPATH_SEARCH_PATHS = "$(inherited) @executable_path/Frameworks";
				PRODUCT_BUNDLE_IDENTIFIER = DiegoSan1895.MagicBox;
				PRODUCT_NAME = "$(TARGET_NAME)";
				PROVISIONING_PROFILE = "";
				SWIFT_OBJC_BRIDGING_HEADER = "MagicBox/MagicBox-Bridging-Header.h";
				SWIFT_OPTIMIZATION_LEVEL = "-Onone";
			};
			name = Debug;
		};
		BD0BECBD1C873407005580EC /* Release */ = {
			isa = XCBuildConfiguration;
			baseConfigurationReference = 093AE41EB654B960C98AE0A7 /* Pods-MagicBox.release.xcconfig */;
			buildSettings = {
				ASSETCATALOG_COMPILER_APPICON_NAME = AppIcon;
				CLANG_ENABLE_MODULES = YES;
				CODE_SIGN_IDENTITY = "iPhone Developer";
				"CODE_SIGN_IDENTITY[sdk=iphoneos*]" = "iPhone Developer";
				INFOPLIST_FILE = MagicBox/Info.plist;
				IPHONEOS_DEPLOYMENT_TARGET = 9.0;
				LD_RUNPATH_SEARCH_PATHS = "$(inherited) @executable_path/Frameworks";
				PRODUCT_BUNDLE_IDENTIFIER = DiegoSan1895.MagicBox;
				PRODUCT_NAME = "$(TARGET_NAME)";
				PROVISIONING_PROFILE = "";
				SWIFT_OBJC_BRIDGING_HEADER = "MagicBox/MagicBox-Bridging-Header.h";
			};
			name = Release;
		};
		BD0BECBF1C873407005580EC /* Debug */ = {
			isa = XCBuildConfiguration;
			buildSettings = {
				BUNDLE_LOADER = "$(TEST_HOST)";
				INFOPLIST_FILE = MagicBoxTests/Info.plist;
				LD_RUNPATH_SEARCH_PATHS = "$(inherited) @executable_path/Frameworks @loader_path/Frameworks";
				PRODUCT_BUNDLE_IDENTIFIER = DiegoSan.MagicBoxTests;
				PRODUCT_NAME = "$(TARGET_NAME)";
				TEST_HOST = "$(BUILT_PRODUCTS_DIR)/MagicBox.app/MagicBox";
			};
			name = Debug;
		};
		BD0BECC01C873407005580EC /* Release */ = {
			isa = XCBuildConfiguration;
			buildSettings = {
				BUNDLE_LOADER = "$(TEST_HOST)";
				INFOPLIST_FILE = MagicBoxTests/Info.plist;
				LD_RUNPATH_SEARCH_PATHS = "$(inherited) @executable_path/Frameworks @loader_path/Frameworks";
				PRODUCT_BUNDLE_IDENTIFIER = DiegoSan.MagicBoxTests;
				PRODUCT_NAME = "$(TARGET_NAME)";
				TEST_HOST = "$(BUILT_PRODUCTS_DIR)/MagicBox.app/MagicBox";
			};
			name = Release;
		};
		BD0BECC21C873407005580EC /* Debug */ = {
			isa = XCBuildConfiguration;
			buildSettings = {
				INFOPLIST_FILE = MagicBoxUITests/Info.plist;
				LD_RUNPATH_SEARCH_PATHS = "$(inherited) @executable_path/Frameworks @loader_path/Frameworks";
				PRODUCT_BUNDLE_IDENTIFIER = DiegoSan.MagicBoxUITests;
				PRODUCT_NAME = "$(TARGET_NAME)";
				TEST_TARGET_NAME = MagicBox;
				USES_XCTRUNNER = YES;
			};
			name = Debug;
		};
		BD0BECC31C873407005580EC /* Release */ = {
			isa = XCBuildConfiguration;
			buildSettings = {
				INFOPLIST_FILE = MagicBoxUITests/Info.plist;
				LD_RUNPATH_SEARCH_PATHS = "$(inherited) @executable_path/Frameworks @loader_path/Frameworks";
				PRODUCT_BUNDLE_IDENTIFIER = DiegoSan.MagicBoxUITests;
				PRODUCT_NAME = "$(TARGET_NAME)";
				TEST_TARGET_NAME = MagicBox;
				USES_XCTRUNNER = YES;
			};
			name = Release;
		};
/* End XCBuildConfiguration section */

/* Begin XCConfigurationList section */
		BD0BEC8E1C873407005580EC /* Build configuration list for PBXProject "MagicBox" */ = {
			isa = XCConfigurationList;
			buildConfigurations = (
				BD0BECB91C873407005580EC /* Debug */,
				BD0BECBA1C873407005580EC /* Release */,
			);
			defaultConfigurationIsVisible = 0;
			defaultConfigurationName = Release;
		};
		BD0BECBB1C873407005580EC /* Build configuration list for PBXNativeTarget "MagicBox" */ = {
			isa = XCConfigurationList;
			buildConfigurations = (
				BD0BECBC1C873407005580EC /* Debug */,
				BD0BECBD1C873407005580EC /* Release */,
			);
			defaultConfigurationIsVisible = 0;
			defaultConfigurationName = Release;
		};
		BD0BECBE1C873407005580EC /* Build configuration list for PBXNativeTarget "MagicBoxTests" */ = {
			isa = XCConfigurationList;
			buildConfigurations = (
				BD0BECBF1C873407005580EC /* Debug */,
				BD0BECC01C873407005580EC /* Release */,
			);
			defaultConfigurationIsVisible = 0;
			defaultConfigurationName = Release;
		};
		BD0BECC11C873407005580EC /* Build configuration list for PBXNativeTarget "MagicBoxUITests" */ = {
			isa = XCConfigurationList;
			buildConfigurations = (
				BD0BECC21C873407005580EC /* Debug */,
				BD0BECC31C873407005580EC /* Release */,
			);
			defaultConfigurationIsVisible = 0;
			defaultConfigurationName = Release;
		};
/* End XCConfigurationList section */
	};
	rootObject = BD0BEC8B1C873407005580EC /* Project object */;
}
